// !$*UTF8*$!
{
	archiveVersion = 1;
	classes = {
	};
	objectVersion = 46;
	objects = {

/* Begin PBXBuildFile section */
		D037E87F18DA691800459DFF /* Foundation.framework in Frameworks */ = {isa = PBXBuildFile; fileRef = D037E87E18DA691800459DFF /* Foundation.framework */; };
		D037E88118DA691800459DFF /* CoreGraphics.framework in Frameworks */ = {isa = PBXBuildFile; fileRef = D037E88018DA691800459DFF /* CoreGraphics.framework */; };
		D037E88318DA691800459DFF /* UIKit.framework in Frameworks */ = {isa = PBXBuildFile; fileRef = D037E88218DA691800459DFF /* UIKit.framework */; };
		D037E88918DA691800459DFF /* InfoPlist.strings in Resources */ = {isa = PBXBuildFile; fileRef = D037E88718DA691800459DFF /* InfoPlist.strings */; };
		D037E88B18DA691800459DFF /* main.m in Sources */ = {isa = PBXBuildFile; fileRef = D037E88A18DA691800459DFF /* main.m */; };
		D037E88F18DA691800459DFF /* AppDelegate.m in Sources */ = {isa = PBXBuildFile; fileRef = D037E88E18DA691800459DFF /* AppDelegate.m */; };
		D037E89218DA691800459DFF /* Main.storyboard in Resources */ = {isa = PBXBuildFile; fileRef = D037E89018DA691800459DFF /* Main.storyboard */; };
		D037E89518DA691800459DFF /* ViewController.m in Sources */ = {isa = PBXBuildFile; fileRef = D037E89418DA691800459DFF /* ViewController.m */; };
		D037E89718DA691800459DFF /* Images.xcassets in Resources */ = {isa = PBXBuildFile; fileRef = D037E89618DA691800459DFF /* Images.xcassets */; };
		D037E89E18DA691800459DFF /* XCTest.framework in Frameworks */ = {isa = PBXBuildFile; fileRef = D037E89D18DA691800459DFF /* XCTest.framework */; };
		D037E89F18DA691800459DFF /* Foundation.framework in Frameworks */ = {isa = PBXBuildFile; fileRef = D037E87E18DA691800459DFF /* Foundation.framework */; };
		D037E8A018DA691800459DFF /* UIKit.framework in Frameworks */ = {isa = PBXBuildFile; fileRef = D037E88218DA691800459DFF /* UIKit.framework */; };
		D037E8A818DA691800459DFF /* InfoPlist.strings in Resources */ = {isa = PBXBuildFile; fileRef = D037E8A618DA691800459DFF /* InfoPlist.strings */; };
		D037E8AA18DA691800459DFF /* FarkleAnoTests.m in Sources */ = {isa = PBXBuildFile; fileRef = D037E8A918DA691800459DFF /* FarkleAnoTests.m */; };
/* End PBXBuildFile section */

/* Begin PBXContainerItemProxy section */
		D037E8A118DA691800459DFF /* PBXContainerItemProxy */ = {
			isa = PBXContainerItemProxy;
			containerPortal = D037E87318DA691800459DFF /* Project object */;
			proxyType = 1;
			remoteGlobalIDString = D037E87A18DA691800459DFF;
			remoteInfo = FarkleAno;
		};
/* End PBXContainerItemProxy section */

/* Begin PBXFileReference section */
		D037E87B18DA691800459DFF /* FarkleAno.app */ = {isa = PBXFileReference; explicitFileType = wrapper.application; includeInIndex = 0; path = FarkleAno.app; sourceTree = BUILT_PRODUCTS_DIR; };
		D037E87E18DA691800459DFF /* Foundation.framework */ = {isa = PBXFileReference; lastKnownFileType = wrapper.framework; name = Foundation.framework; path = System/Library/Frameworks/Foundation.framework; sourceTree = SDKROOT; };
		D037E88018DA691800459DFF /* CoreGraphics.framework */ = {isa = PBXFileReference; lastKnownFileType = wrapper.framework; name = CoreGraphics.framework; path = System/Library/Frameworks/CoreGraphics.framework; sourceTree = SDKROOT; };
		D037E88218DA691800459DFF /* UIKit.framework */ = {isa = PBXFileReference; lastKnownFileType = wrapper.framework; name = UIKit.framework; path = System/Library/Frameworks/UIKit.framework; sourceTree = SDKROOT; };
		D037E88618DA691800459DFF /* FarkleAno-Info.plist */ = {isa = PBXFileReference; lastKnownFileType = text.plist.xml; path = "FarkleAno-Info.plist"; sourceTree = "<group>"; };
		D037E88818DA691800459DFF /* en */ = {isa = PBXFileReference; lastKnownFileType = text.plist.strings; name = en; path = en.lproj/InfoPlist.strings; sourceTree = "<group>"; };
		D037E88A18DA691800459DFF /* main.m */ = {isa = PBXFileReference; lastKnownFileType = sourcecode.c.objc; path = main.m; sourceTree = "<group>"; };
		D037E88C18DA691800459DFF /* FarkleAno-Prefix.pch */ = {isa = PBXFileReference; lastKnownFileType = sourcecode.c.h; path = "FarkleAno-Prefix.pch"; sourceTree = "<group>"; };
		D037E88D18DA691800459DFF /* AppDelegate.h */ = {isa = PBXFileReference; lastKnownFileType = sourcecode.c.h; path = AppDelegate.h; sourceTree = "<group>"; };
		D037E88E18DA691800459DFF /* AppDelegate.m */ = {isa = PBXFileReference; lastKnownFileType = sourcecode.c.objc; path = AppDelegate.m; sourceTree = "<group>"; };
		D037E89118DA691800459DFF /* Base */ = {isa = PBXFileReference; lastKnownFileType = file.storyboard; name = Base; path = Base.lproj/Main.storyboard; sourceTree = "<group>"; };
		D037E89318DA691800459DFF /* ViewController.h */ = {isa = PBXFileReference; lastKnownFileType = sourcecode.c.h; path = ViewController.h; sourceTree = "<group>"; };
		D037E89418DA691800459DFF /* ViewController.m */ = {isa = PBXFileReference; lastKnownFileType = sourcecode.c.objc; path = ViewController.m; sourceTree = "<group>"; };
		D037E89618DA691800459DFF /* Images.xcassets */ = {isa = PBXFileReference; lastKnownFileType = folder.assetcatalog; path = Images.xcassets; sourceTree = "<group>"; };
		D037E89C18DA691800459DFF /* FarkleAnoTests.xctest */ = {isa = PBXFileReference; explicitFileType = wrapper.cfbundle; includeInIndex = 0; path = FarkleAnoTests.xctest; sourceTree = BUILT_PRODUCTS_DIR; };
		D037E89D18DA691800459DFF /* XCTest.framework */ = {isa = PBXFileReference; lastKnownFileType = wrapper.framework; name = XCTest.framework; path = Library/Frameworks/XCTest.framework; sourceTree = DEVELOPER_DIR; };
		D037E8A518DA691800459DFF /* FarkleAnoTests-Info.plist */ = {isa = PBXFileReference; lastKnownFileType = text.plist.xml; path = "FarkleAnoTests-Info.plist"; sourceTree = "<group>"; };
		D037E8A718DA691800459DFF /* en */ = {isa = PBXFileReference; lastKnownFileType = text.plist.strings; name = en; path = en.lproj/InfoPlist.strings; sourceTree = "<group>"; };
		D037E8A918DA691800459DFF /* FarkleAnoTests.m */ = {isa = PBXFileReference; lastKnownFileType = sourcecode.c.objc; path = FarkleAnoTests.m; sourceTree = "<group>"; };
/* End PBXFileReference section */

/* Begin PBXFrameworksBuildPhase section */
		D037E87818DA691800459DFF /* Frameworks */ = {
			isa = PBXFrameworksBuildPhase;
			buildActionMask = 2147483647;
			files = (
				D037E88118DA691800459DFF /* CoreGraphics.framework in Frameworks */,
				D037E88318DA691800459DFF /* UIKit.framework in Frameworks */,
				D037E87F18DA691800459DFF /* Foundation.framework in Frameworks */,
			);
			runOnlyForDeploymentPostprocessing = 0;
		};
		D037E89918DA691800459DFF /* Frameworks */ = {
			isa = PBXFrameworksBuildPhase;
			buildActionMask = 2147483647;
			files = (
				D037E89E18DA691800459DFF /* XCTest.framework in Frameworks */,
				D037E8A018DA691800459DFF /* UIKit.framework in Frameworks */,
				D037E89F18DA691800459DFF /* Foundation.framework in Frameworks */,
			);
			runOnlyForDeploymentPostprocessing = 0;
		};
/* End PBXFrameworksBuildPhase section */

/* Begin PBXGroup section */
		D037E87218DA691800459DFF = {
			isa = PBXGroup;
			children = (
				D037E88418DA691800459DFF /* FarkleAno */,
				D037E8A318DA691800459DFF /* FarkleAnoTests */,
				D037E87D18DA691800459DFF /* Frameworks */,
				D037E87C18DA691800459DFF /* Products */,
			);
			sourceTree = "<group>";
		};
		D037E87C18DA691800459DFF /* Products */ = {
			isa = PBXGroup;
			children = (
				D037E87B18DA691800459DFF /* FarkleAno.app */,
				D037E89C18DA691800459DFF /* FarkleAnoTests.xctest */,
			);
			name = Products;
			sourceTree = "<group>";
		};
		D037E87D18DA691800459DFF /* Frameworks */ = {
			isa = PBXGroup;
			children = (
				D037E87E18DA691800459DFF /* Foundation.framework */,
				D037E88018DA691800459DFF /* CoreGraphics.framework */,
				D037E88218DA691800459DFF /* UIKit.framework */,
				D037E89D18DA691800459DFF /* XCTest.framework */,
			);
			name = Frameworks;
			sourceTree = "<group>";
		};
		D037E88418DA691800459DFF /* FarkleAno */ = {
			isa = PBXGroup;
			children = (
				D037E88D18DA691800459DFF /* AppDelegate.h */,
				D037E88E18DA691800459DFF /* AppDelegate.m */,
				D037E89018DA691800459DFF /* Main.storyboard */,
				D037E89318DA691800459DFF /* ViewController.h */,
				D037E89418DA691800459DFF /* ViewController.m */,
				D037E89618DA691800459DFF /* Images.xcassets */,
				D037E88518DA691800459DFF /* Supporting Files */,
			);
			path = FarkleAno;
			sourceTree = "<group>";
		};
		D037E88518DA691800459DFF /* Supporting Files */ = {
			isa = PBXGroup;
			children = (
				D037E88618DA691800459DFF /* FarkleAno-Info.plist */,
				D037E88718DA691800459DFF /* InfoPlist.strings */,
				D037E88A18DA691800459DFF /* main.m */,
				D037E88C18DA691800459DFF /* FarkleAno-Prefix.pch */,
			);
			name = "Supporting Files";
			sourceTree = "<group>";
		};
		D037E8A318DA691800459DFF /* FarkleAnoTests */ = {
			isa = PBXGroup;
			children = (
				D037E8A918DA691800459DFF /* FarkleAnoTests.m */,
				D037E8A418DA691800459DFF /* Supporting Files */,
			);
			path = FarkleAnoTests;
			sourceTree = "<group>";
		};
		D037E8A418DA691800459DFF /* Supporting Files */ = {
			isa = PBXGroup;
			children = (
				D037E8A518DA691800459DFF /* FarkleAnoTests-Info.plist */,
				D037E8A618DA691800459DFF /* InfoPlist.strings */,
			);
			name = "Supporting Files";
			sourceTree = "<group>";
		};
/* End PBXGroup section */

/* Begin PBXNativeTarget section */
		D037E87A18DA691800459DFF /* FarkleAno */ = {
			isa = PBXNativeTarget;
			buildConfigurationList = D037E8AD18DA691800459DFF /* Build configuration list for PBXNativeTarget "FarkleAno" */;
			buildPhases = (
				D037E87718DA691800459DFF /* Sources */,
				D037E87818DA691800459DFF /* Frameworks */,
				D037E87918DA691800459DFF /* Resources */,
			);
			buildRules = (
			);
			dependencies = (
			);
			name = FarkleAno;
			productName = FarkleAno;
			productReference = D037E87B18DA691800459DFF /* FarkleAno.app */;
			productType = "com.apple.product-type.application";
		};
		D037E89B18DA691800459DFF /* FarkleAnoTests */ = {
			isa = PBXNativeTarget;
			buildConfigurationList = D037E8B018DA691800459DFF /* Build configuration list for PBXNativeTarget "FarkleAnoTests" */;
			buildPhases = (
				D037E89818DA691800459DFF /* Sources */,
				D037E89918DA691800459DFF /* Frameworks */,
				D037E89A18DA691800459DFF /* Resources */,
			);
			buildRules = (
			);
			dependencies = (
				D037E8A218DA691800459DFF /* PBXTargetDependency */,
			);
			name = FarkleAnoTests;
			productName = FarkleAnoTests;
			productReference = D037E89C18DA691800459DFF /* FarkleAnoTests.xctest */;
			productType = "com.apple.product-type.bundle.unit-test";
		};
/* End PBXNativeTarget section */

/* Begin PBXProject section */
		D037E87318DA691800459DFF /* Project object */ = {
			isa = PBXProject;
			attributes = {
				LastUpgradeCheck = 0510;
				ORGANIZATIONNAME = "Marion Ano";
				TargetAttributes = {
					D037E89B18DA691800459DFF = {
						TestTargetID = D037E87A18DA691800459DFF;
					};
				};
			};
			buildConfigurationList = D037E87618DA691800459DFF /* Build configuration list for PBXProject "FarkleAno" */;
			compatibilityVersion = "Xcode 3.2";
			developmentRegion = English;
			hasScannedForEncodings = 0;
			knownRegions = (
				en,
				Base,
			);
			mainGroup = D037E87218DA691800459DFF;
			productRefGroup = D037E87C18DA691800459DFF /* Products */;
			projectDirPath = "";
			projectRoot = "";
			targets = (
				D037E87A18DA691800459DFF /* FarkleAno */,
				D037E89B18DA691800459DFF /* FarkleAnoTests */,
			);
		};
/* End PBXProject section */

/* Begin PBXResourcesBuildPhase section */
		D037E87918DA691800459DFF /* Resources */ = {
			isa = PBXResourcesBuildPhase;
			buildActionMask = 2147483647;
			files = (
				D037E89718DA691800459DFF /* Images.xcassets in Resources */,
				D037E88918DA691800459DFF /* InfoPlist.strings in Resources */,
				D037E89218DA691800459DFF /* Main.storyboard in Resources */,
			);
			runOnlyForDeploymentPostprocessing = 0;
		};
		D037E89A18DA691800459DFF /* Resources */ = {
			isa = PBXResourcesBuildPhase;
			buildActionMask = 2147483647;
			files = (
				D037E8A818DA691800459DFF /* InfoPlist.strings in Resources */,
			);
			runOnlyForDeploymentPostprocessing = 0;
		};
/* End PBXResourcesBuildPhase section */

/* Begin PBXSourcesBuildPhase section */
		D037E87718DA691800459DFF /* Sources */ = {
			isa = PBXSourcesBuildPhase;
			buildActionMask = 2147483647;
			files = (
				D037E89518DA691800459DFF /* ViewController.m in Sources */,
				D037E88F18DA691800459DFF /* AppDelegate.m in Sources */,
				D037E88B18DA691800459DFF /* main.m in Sources */,
			);
			runOnlyForDeploymentPostprocessing = 0;
		};
		D037E89818DA691800459DFF /* Sources */ = {
			isa = PBXSourcesBuildPhase;
			buildActionMask = 2147483647;
			files = (
				D037E8AA18DA691800459DFF /* FarkleAnoTests.m in Sources */,
			);
			runOnlyForDeploymentPostprocessing = 0;
		};
/* End PBXSourcesBuildPhase section */

/* Begin PBXTargetDependency section */
		D037E8A218DA691800459DFF /* PBXTargetDependency */ = {
			isa = PBXTargetDependency;
			target = D037E87A18DA691800459DFF /* FarkleAno */;
			targetProxy = D037E8A118DA691800459DFF /* PBXContainerItemProxy */;
		};
/* End PBXTargetDependency section */

/* Begin PBXVariantGroup section */
		D037E88718DA691800459DFF /* InfoPlist.strings */ = {
			isa = PBXVariantGroup;
			children = (
				D037E88818DA691800459DFF /* en */,
			);
			name = InfoPlist.strings;
			sourceTree = "<group>";
		};
		D037E89018DA691800459DFF /* Main.storyboard */ = {
			isa = PBXVariantGroup;
			children = (
				D037E89118DA691800459DFF /* Base */,
			);
			name = Main.storyboard;
			sourceTree = "<group>";
		};
		D037E8A618DA691800459DFF /* InfoPlist.strings */ = {
			isa = PBXVariantGroup;
			children = (
				D037E8A718DA691800459DFF /* en */,
			);
			name = InfoPlist.strings;
			sourceTree = "<group>";
		};
/* End PBXVariantGroup section */

/* Begin XCBuildConfiguration section */
		D037E8AB18DA691800459DFF /* Debug */ = {
			isa = XCBuildConfiguration;
			buildSettings = {
				ALWAYS_SEARCH_USER_PATHS = NO;
				CLANG_CXX_LANGUAGE_STANDARD = "gnu++0x";
				CLANG_CXX_LIBRARY = "libc++";
				CLANG_ENABLE_MODULES = YES;
				CLANG_ENABLE_OBJC_ARC = YES;
				CLANG_WARN_BOOL_CONVERSION = YES;
				CLANG_WARN_CONSTANT_CONVERSION = YES;
				CLANG_WARN_DIRECT_OBJC_ISA_USAGE = YES_ERROR;
				CLANG_WARN_EMPTY_BODY = YES;
				CLANG_WARN_ENUM_CONVERSION = YES;
				CLANG_WARN_INT_CONVERSION = YES;
				CLANG_WARN_OBJC_ROOT_CLASS = YES_ERROR;
				CLANG_WARN__DUPLICATE_METHOD_MATCH = YES;
				"CODE_SIGN_IDENTITY[sdk=iphoneos*]" = "iPhone Developer";
				COPY_PHASE_STRIP = NO;
				GCC_C_LANGUAGE_STANDARD = gnu99;
				GCC_DYNAMIC_NO_PIC = NO;
				GCC_OPTIMIZATION_LEVEL = 0;
				GCC_PREPROCESSOR_DEFINITIONS = (
					"DEBUG=1",
					"$(inherited)",
				);
				GCC_SYMBOLS_PRIVATE_EXTERN = NO;
				GCC_WARN_64_TO_32_BIT_CONVERSION = YES;
				GCC_WARN_ABOUT_RETURN_TYPE = YES_ERROR;
				GCC_WARN_UNDECLARED_SELECTOR = YES;
				GCC_WARN_UNINITIALIZED_AUTOS = YES_AGGRESSIVE;
				GCC_WARN_UNUSED_FUNCTION = YES;
				GCC_WARN_UNUSED_VARIABLE = YES;
				IPHONEOS_DEPLOYMENT_TARGET = 7.1;
				ONLY_ACTIVE_ARCH = YES;
				SDKROOT = iphoneos;
			};
			name = Debug;
		};
		D037E8AC18DA691800459DFF /* Release */ = {
			isa = XCBuildConfiguration;
			buildSettings = {
				ALWAYS_SEARCH_USER_PATHS = NO;
				CLANG_CXX_LANGUAGE_STANDARD = "gnu++0x";
				CLANG_CXX_LIBRARY = "libc++";
				CLANG_ENABLE_MODULES = YES;
				CLANG_ENABLE_OBJC_ARC = YES;
				CLANG_WARN_BOOL_CONVERSION = YES;
				CLANG_WARN_CONSTANT_CONVERSION = YES;
				CLANG_WARN_DIRECT_OBJC_ISA_USAGE = YES_ERROR;
				CLANG_WARN_EMPTY_BODY = YES;
				CLANG_WARN_ENUM_CONVERSION = YES;
				CLANG_WARN_INT_CONVERSION = YES;
				CLANG_WARN_OBJC_ROOT_CLASS = YES_ERROR;
				CLANG_WARN__DUPLICATE_METHOD_MATCH = YES;
				"CODE_SIGN_IDENTITY[sdk=iphoneos*]" = "iPhone Developer";
				COPY_PHASE_STRIP = YES;
				ENABLE_NS_ASSERTIONS = NO;
				GCC_C_LANGUAGE_STANDARD = gnu99;
				GCC_WARN_64_TO_32_BIT_CONVERSION = YES;
				GCC_WARN_ABOUT_RETURN_TYPE = YES_ERROR;
				GCC_WARN_UNDECLARED_SELECTOR = YES;
				GCC_WARN_UNINITIALIZED_AUTOS = YES_AGGRESSIVE;
				GCC_WARN_UNUSED_FUNCTION = YES;
				GCC_WARN_UNUSED_VARIABLE = YES;
				IPHONEOS_DEPLOYMENT_TARGET = 7.1;
				SDKROOT = iphoneos;
				VALIDATE_PRODUCT = YES;
			};
			name = Release;
		};
		D037E8AE18DA691800459DFF /* Debug */ = {
			isa = XCBuildConfiguration;
			buildSettings = {
				ASSETCATALOG_COMPILER_APPICON_NAME = AppIcon;
				ASSETCATALOG_COMPILER_LAUNCHIMAGE_NAME = LaunchImage;
				GCC_PRECOMPILE_PREFIX_HEADER = YES;
				GCC_PREFIX_HEADER = "FarkleAno/FarkleAno-Prefix.pch";
				INFOPLIST_FILE = "FarkleAno/FarkleAno-Info.plist";
				PRODUCT_NAME = "$(TARGET_NAME)";
				WRAPPER_EXTENSION = app;
			};
			name = Debug;
		};
		D037E8AF18DA691800459DFF /* Release */ = {
			isa = XCBuildConfiguration;
			buildSettings = {
				ASSETCATALOG_COMPILER_APPICON_NAME = AppIcon;
				ASSETCATALOG_COMPILER_LAUNCHIMAGE_NAME = LaunchImage;
				GCC_PRECOMPILE_PREFIX_HEADER = YES;
				GCC_PREFIX_HEADER = "FarkleAno/FarkleAno-Prefix.pch";
				INFOPLIST_FILE = "FarkleAno/FarkleAno-Info.plist";
				PRODUCT_NAME = "$(TARGET_NAME)";
				WRAPPER_EXTENSION = app;
			};
			name = Release;
		};
		D037E8B118DA691800459DFF /* Debug */ = {
			isa = XCBuildConfiguration;
			buildSettings = {
				BUNDLE_LOADER = "$(BUILT_PRODUCTS_DIR)/FarkleAno.app/FarkleAno";
				FRAMEWORK_SEARCH_PATHS = (
					"$(SDKROOT)/Developer/Library/Frameworks",
					"$(inherited)",
					"$(DEVELOPER_FRAMEWORKS_DIR)",
				);
				GCC_PRECOMPILE_PREFIX_HEADER = YES;
				GCC_PREFIX_HEADER = "FarkleAno/FarkleAno-Prefix.pch";
				GCC_PREPROCESSOR_DEFINITIONS = (
					"DEBUG=1",
					"$(inherited)",
				);
				INFOPLIST_FILE = "FarkleAnoTests/FarkleAnoTests-Info.plist";
				PRODUCT_NAME = "$(TARGET_NAME)";
				TEST_HOST = "$(BUNDLE_LOADER)";
				WRAPPER_EXTENSION = xctest;
			};
			name = Debug;
		};
		D037E8B218DA691800459DFF /* Release */ = {
			isa = XCBuildConfiguration;
			buildSettings = {
				BUNDLE_LOADER = "$(BUILT_PRODUCTS_DIR)/FarkleAno.app/FarkleAno";
				FRAMEWORK_SEARCH_PATHS = (
					"$(SDKROOT)/Developer/Library/Frameworks",
					"$(inherited)",
					"$(DEVELOPER_FRAMEWORKS_DIR)",
				);
				GCC_PRECOMPILE_PREFIX_HEADER = YES;
				GCC_PREFIX_HEADER = "FarkleAno/FarkleAno-Prefix.pch";
				INFOPLIST_FILE = "FarkleAnoTests/FarkleAnoTests-Info.plist";
				PRODUCT_NAME = "$(TARGET_NAME)";
				TEST_HOST = "$(BUNDLE_LOADER)";
				WRAPPER_EXTENSION = xctest;
			};
			name = Release;
		};
/* End XCBuildConfiguration section */

/* Begin XCConfigurationList section */
		D037E87618DA691800459DFF /* Build configuration list for PBXProject "FarkleAno" */ = {
			isa = XCConfigurationList;
			buildConfigurations = (
				D037E8AB18DA691800459DFF /* Debug */,
				D037E8AC18DA691800459DFF /* Release */,
			);
			defaultConfigurationIsVisible = 0;
			defaultConfigurationName = Release;
		};
		D037E8AD18DA691800459DFF /* Build configuration list for PBXNativeTarget "FarkleAno" */ = {
			isa = XCConfigurationList;
			buildConfigurations = (
				D037E8AE18DA691800459DFF /* Debug */,
				D037E8AF18DA691800459DFF /* Release */,
			);
			defaultConfigurationIsVisible = 0;
		};
		D037E8B018DA691800459DFF /* Build configuration list for PBXNativeTarget "FarkleAnoTests" */ = {
			isa = XCConfigurationList;
			buildConfigurations = (
				D037E8B118DA691800459DFF /* Debug */,
				D037E8B218DA691800459DFF /* Release */,
			);
			defaultConfigurationIsVisible = 0;
		};
/* End XCConfigurationList section */
	};
	rootObject = D037E87318DA691800459DFF /* Project object */;
}
